// !$*UTF8*$!
{
	archiveVersion = 1;
	classes = {
	};
	objectVersion = 46;
	objects = {

/* Begin PBXBuildFile section */
		9647D4541C00E60C00FAF482 /* ResultViewController.swift in Sources */ = {isa = PBXBuildFile; fileRef = 9647D4531C00E60C00FAF482 /* ResultViewController.swift */; };
		966D677F1BF9F2D30017C95D /* StartViewController.swift in Sources */ = {isa = PBXBuildFile; fileRef = 966D677E1BF9F2D30017C95D /* StartViewController.swift */; };
		96C13E361BFA1B3500413017 /* HearSoundViewController.swift in Sources */ = {isa = PBXBuildFile; fileRef = 96C13E351BFA1B3500413017 /* HearSoundViewController.swift */; };
		96C13E3B1BFA1D0400413017 /* PlaySoundViewController.swift in Sources */ = {isa = PBXBuildFile; fileRef = 96C13E3A1BFA1D0400413017 /* PlaySoundViewController.swift */; };
		96E5A9C51BF0C62F00258C80 /* AppDelegate.swift in Sources */ = {isa = PBXBuildFile; fileRef = 96E5A9C41BF0C62F00258C80 /* AppDelegate.swift */; };
		96E5A9C71BF0C62F00258C80 /* ViewController.swift in Sources */ = {isa = PBXBuildFile; fileRef = 96E5A9C61BF0C62F00258C80 /* ViewController.swift */; };
		96E5A9CA1BF0C62F00258C80 /* Main.storyboard in Resources */ = {isa = PBXBuildFile; fileRef = 96E5A9C81BF0C62F00258C80 /* Main.storyboard */; };
		96E5A9CC1BF0C62F00258C80 /* Assets.xcassets in Resources */ = {isa = PBXBuildFile; fileRef = 96E5A9CB1BF0C62F00258C80 /* Assets.xcassets */; };
		96E5A9CF1BF0C62F00258C80 /* LaunchScreen.storyboard in Resources */ = {isa = PBXBuildFile; fileRef = 96E5A9CD1BF0C62F00258C80 /* LaunchScreen.storyboard */; };
		96E5A9DA1BF0C63000258C80 /* H_re_testTests.swift in Sources */ = {isa = PBXBuildFile; fileRef = 96E5A9D91BF0C63000258C80 /* H_re_testTests.swift */; };
		96E5A9E51BF0C63000258C80 /* H_re_testUITests.swift in Sources */ = {isa = PBXBuildFile; fileRef = 96E5A9E41BF0C63000258C80 /* H_re_testUITests.swift */; };
		96E5AA031BF0C7F500258C80 /* libAudioKit iOS Dynamic.a in Frameworks */ = {isa = PBXBuildFile; fileRef = 96E5A9FC1BF0C7BE00258C80 /* libAudioKit iOS Dynamic.a */; };
		96E5AA0F1BF0CB3200258C80 /* AudioKit.swift in Sources */ = {isa = PBXBuildFile; fileRef = 96E5AA0E1BF0CB3200258C80 /* AudioKit.swift */; };
		96E5AA1B1BF0D4DB00258C80 /* CsoundLib.framework in Frameworks */ = {isa = PBXBuildFile; fileRef = 96E5AA191BF0D4DB00258C80 /* CsoundLib.framework */; };
		96E5AA1E1BF0D4E000258C80 /* CsoundLib.framework in Embed Frameworks */ = {isa = PBXBuildFile; fileRef = 96E5AA191BF0D4DB00258C80 /* CsoundLib.framework */; settings = {ATTRIBUTES = (CodeSignOnCopy, RemoveHeadersOnCopy, ); }; };
		96E5AA1F1BF0D4E000258C80 /* libsndfile.framework in Frameworks */ = {isa = PBXBuildFile; fileRef = 96E5AA1A1BF0D4DB00258C80 /* libsndfile.framework */; };
		96E5AA201BF0D4E000258C80 /* libsndfile.framework in Embed Frameworks */ = {isa = PBXBuildFile; fileRef = 96E5AA1A1BF0D4DB00258C80 /* libsndfile.framework */; settings = {ATTRIBUTES = (CodeSignOnCopy, RemoveHeadersOnCopy, ); }; };
		96E5AA2D1BF0E53200258C80 /* HoldButtonViewController.swift in Sources */ = {isa = PBXBuildFile; fileRef = 96E5AA2C1BF0E53200258C80 /* HoldButtonViewController.swift */; };
		96E5AA2E1BF0E53200258C80 /* HoldButtonViewController.swift in Sources */ = {isa = PBXBuildFile; fileRef = 96E5AA2C1BF0E53200258C80 /* HoldButtonViewController.swift */; };
		96E5AA2F1BF0E53200258C80 /* HoldButtonViewController.swift in Sources */ = {isa = PBXBuildFile; fileRef = 96E5AA2C1BF0E53200258C80 /* HoldButtonViewController.swift */; };
		96E5AA311BF0F04800258C80 /* Instruction_Video.mp4 in Resources */ = {isa = PBXBuildFile; fileRef = 96E5AA301BF0F04800258C80 /* Instruction_Video.mp4 */; };
		96E5AA321BF0F04800258C80 /* Instruction_Video.mp4 in Resources */ = {isa = PBXBuildFile; fileRef = 96E5AA301BF0F04800258C80 /* Instruction_Video.mp4 */; };
		96E5AA331BF0F04800258C80 /* Instruction_Video.mp4 in Resources */ = {isa = PBXBuildFile; fileRef = 96E5AA301BF0F04800258C80 /* Instruction_Video.mp4 */; };
		96F6FC481BFF41AD00386387 /* TonePlayerModel.swift in Sources */ = {isa = PBXBuildFile; fileRef = 96F6FC471BFF41AD00386387 /* TonePlayerModel.swift */; };
		96F6FC4F1BFF60E600386387 /* HearingtestModel.swift in Sources */ = {isa = PBXBuildFile; fileRef = 96F6FC4E1BFF60E600386387 /* HearingtestModel.swift */; };
/* End PBXBuildFile section */

/* Begin PBXContainerItemProxy section */
		96E5A9D61BF0C63000258C80 /* PBXContainerItemProxy */ = {
			isa = PBXContainerItemProxy;
			containerPortal = 96E5A9B91BF0C62F00258C80 /* Project object */;
			proxyType = 1;
			remoteGlobalIDString = 96E5A9C01BF0C62F00258C80;
			remoteInfo = "Høre test";
		};
		96E5A9E11BF0C63000258C80 /* PBXContainerItemProxy */ = {
			isa = PBXContainerItemProxy;
			containerPortal = 96E5A9B91BF0C62F00258C80 /* Project object */;
			proxyType = 1;
			remoteGlobalIDString = 96E5A9C01BF0C62F00258C80;
			remoteInfo = "Høre test";
		};
		96E5A9F91BF0C7BE00258C80 /* PBXContainerItemProxy */ = {
			isa = PBXContainerItemProxy;
			containerPortal = 96E5A9F21BF0C7BE00258C80 /* AudioKit.xcodeproj */;
			proxyType = 2;
			remoteGlobalIDString = EA8E93D81AD3C5240057E979;
			remoteInfo = "AudioKit iOS Static";
		};
		96E5A9FB1BF0C7BE00258C80 /* PBXContainerItemProxy */ = {
			isa = PBXContainerItemProxy;
			containerPortal = 96E5A9F21BF0C7BE00258C80 /* AudioKit.xcodeproj */;
			proxyType = 2;
			remoteGlobalIDString = EAA0F5941AE71C8F007CD7C9;
			remoteInfo = "AudioKit iOS Dynamic";
		};
		96E5A9FD1BF0C7BE00258C80 /* PBXContainerItemProxy */ = {
			isa = PBXContainerItemProxy;
			containerPortal = 96E5A9F21BF0C7BE00258C80 /* AudioKit.xcodeproj */;
			proxyType = 2;
			remoteGlobalIDString = EA8E96591AD3C6FC0057E979;
			remoteInfo = "AudioKit OS X";
		};
		96E5A9FF1BF0C7BE00258C80 /* PBXContainerItemProxy */ = {
			isa = PBXContainerItemProxy;
			containerPortal = 96E5A9F21BF0C7BE00258C80 /* AudioKit.xcodeproj */;
			proxyType = 2;
			remoteGlobalIDString = EA93645D1BD865230005B849;
			remoteInfo = "AudioKit tvOS";
		};
		96E5AA011BF0C7E700258C80 /* PBXContainerItemProxy */ = {
			isa = PBXContainerItemProxy;
			containerPortal = 96E5A9F21BF0C7BE00258C80 /* AudioKit.xcodeproj */;
			proxyType = 1;
			remoteGlobalIDString = EAA0F4DE1AE71C8F007CD7C9;
			remoteInfo = "AudioKit iOS Dynamic";
		};
/* End PBXContainerItemProxy section */

/* Begin PBXCopyFilesBuildPhase section */
		96E5AA0C1BF0C89E00258C80 /* Embed Frameworks */ = {
			isa = PBXCopyFilesBuildPhase;
			buildActionMask = 12;
			dstPath = "";
			dstSubfolderSpec = 10;
			files = (
				96E5AA201BF0D4E000258C80 /* libsndfile.framework in Embed Frameworks */,
				96E5AA1E1BF0D4E000258C80 /* CsoundLib.framework in Embed Frameworks */,
			);
			name = "Embed Frameworks";
			runOnlyForDeploymentPostprocessing = 0;
		};
/* End PBXCopyFilesBuildPhase section */

/* Begin PBXFileReference section */
		9647D4531C00E60C00FAF482 /* ResultViewController.swift */ = {isa = PBXFileReference; fileEncoding = 4; lastKnownFileType = sourcecode.swift; path = ResultViewController.swift; sourceTree = "<group>"; };
		966D677E1BF9F2D30017C95D /* StartViewController.swift */ = {isa = PBXFileReference; fileEncoding = 4; lastKnownFileType = sourcecode.swift; path = StartViewController.swift; sourceTree = "<group>"; };
		96C13E351BFA1B3500413017 /* HearSoundViewController.swift */ = {isa = PBXFileReference; fileEncoding = 4; lastKnownFileType = sourcecode.swift; path = HearSoundViewController.swift; sourceTree = "<group>"; };
		96C13E3A1BFA1D0400413017 /* PlaySoundViewController.swift */ = {isa = PBXFileReference; fileEncoding = 4; lastKnownFileType = sourcecode.swift; path = PlaySoundViewController.swift; sourceTree = "<group>"; };
		96E5A9C11BF0C62F00258C80 /* Høre test.app */ = {isa = PBXFileReference; explicitFileType = wrapper.application; includeInIndex = 0; path = "Høre test.app"; sourceTree = BUILT_PRODUCTS_DIR; };
		96E5A9C41BF0C62F00258C80 /* AppDelegate.swift */ = {isa = PBXFileReference; lastKnownFileType = sourcecode.swift; path = AppDelegate.swift; sourceTree = "<group>"; };
		96E5A9C61BF0C62F00258C80 /* ViewController.swift */ = {isa = PBXFileReference; lastKnownFileType = sourcecode.swift; path = ViewController.swift; sourceTree = "<group>"; };
		96E5A9C91BF0C62F00258C80 /* Base */ = {isa = PBXFileReference; lastKnownFileType = file.storyboard; name = Base; path = Base.lproj/Main.storyboard; sourceTree = "<group>"; };
		96E5A9CB1BF0C62F00258C80 /* Assets.xcassets */ = {isa = PBXFileReference; lastKnownFileType = folder.assetcatalog; path = Assets.xcassets; sourceTree = "<group>"; };
		96E5A9CE1BF0C62F00258C80 /* Base */ = {isa = PBXFileReference; lastKnownFileType = file.storyboard; name = Base; path = Base.lproj/LaunchScreen.storyboard; sourceTree = "<group>"; };
		96E5A9D01BF0C62F00258C80 /* Info.plist */ = {isa = PBXFileReference; lastKnownFileType = text.plist.xml; path = Info.plist; sourceTree = "<group>"; };
		96E5A9D51BF0C63000258C80 /* Høre testTests.xctest */ = {isa = PBXFileReference; explicitFileType = wrapper.cfbundle; includeInIndex = 0; path = "Høre testTests.xctest"; sourceTree = BUILT_PRODUCTS_DIR; };
		96E5A9D91BF0C63000258C80 /* H_re_testTests.swift */ = {isa = PBXFileReference; lastKnownFileType = sourcecode.swift; path = H_re_testTests.swift; sourceTree = "<group>"; };
		96E5A9DB1BF0C63000258C80 /* Info.plist */ = {isa = PBXFileReference; lastKnownFileType = text.plist.xml; path = Info.plist; sourceTree = "<group>"; };
		96E5A9E01BF0C63000258C80 /* Høre testUITests.xctest */ = {isa = PBXFileReference; explicitFileType = wrapper.cfbundle; includeInIndex = 0; path = "Høre testUITests.xctest"; sourceTree = BUILT_PRODUCTS_DIR; };
		96E5A9E41BF0C63000258C80 /* H_re_testUITests.swift */ = {isa = PBXFileReference; lastKnownFileType = sourcecode.swift; path = H_re_testUITests.swift; sourceTree = "<group>"; };
		96E5A9E61BF0C63000258C80 /* Info.plist */ = {isa = PBXFileReference; lastKnownFileType = text.plist.xml; path = Info.plist; sourceTree = "<group>"; };
		96E5A9F21BF0C7BE00258C80 /* AudioKit.xcodeproj */ = {isa = PBXFileReference; lastKnownFileType = "wrapper.pb-project"; name = AudioKit.xcodeproj; path = ../AudioKit/AudioKit.xcodeproj; sourceTree = "<group>"; };
		96E5AA0E1BF0CB3200258C80 /* AudioKit.swift */ = {isa = PBXFileReference; fileEncoding = 4; lastKnownFileType = sourcecode.swift; name = AudioKit.swift; path = ../../AudioKit/AudioKit/Platforms/Swift/AudioKit.swift; sourceTree = "<group>"; };
		96E5AA101BF0CBCC00258C80 /* Bridging-Header.h */ = {isa = PBXFileReference; lastKnownFileType = sourcecode.c.h; path = "Bridging-Header.h"; sourceTree = "<group>"; };
		96E5AA191BF0D4DB00258C80 /* CsoundLib.framework */ = {isa = PBXFileReference; lastKnownFileType = wrapper.framework; path = CsoundLib.framework; sourceTree = "<group>"; };
		96E5AA1A1BF0D4DB00258C80 /* libsndfile.framework */ = {isa = PBXFileReference; lastKnownFileType = wrapper.framework; path = libsndfile.framework; sourceTree = "<group>"; };
		96E5AA2C1BF0E53200258C80 /* HoldButtonViewController.swift */ = {isa = PBXFileReference; fileEncoding = 4; lastKnownFileType = sourcecode.swift; path = HoldButtonViewController.swift; sourceTree = "<group>"; };
		96E5AA301BF0F04800258C80 /* Instruction_Video.mp4 */ = {isa = PBXFileReference; lastKnownFileType = file; path = Instruction_Video.mp4; sourceTree = "<group>"; };
		96F6FC471BFF41AD00386387 /* TonePlayerModel.swift */ = {isa = PBXFileReference; fileEncoding = 4; lastKnownFileType = sourcecode.swift; path = TonePlayerModel.swift; sourceTree = "<group>"; };
		96F6FC4E1BFF60E600386387 /* HearingtestModel.swift */ = {isa = PBXFileReference; fileEncoding = 4; lastKnownFileType = sourcecode.swift; path = HearingtestModel.swift; sourceTree = "<group>"; };
/* End PBXFileReference section */

/* Begin PBXFrameworksBuildPhase section */
		96E5A9BE1BF0C62F00258C80 /* Frameworks */ = {
			isa = PBXFrameworksBuildPhase;
			buildActionMask = 2147483647;
			files = (
				96E5AA1F1BF0D4E000258C80 /* libsndfile.framework in Frameworks */,
				96E5AA1B1BF0D4DB00258C80 /* CsoundLib.framework in Frameworks */,
				96E5AA031BF0C7F500258C80 /* libAudioKit iOS Dynamic.a in Frameworks */,
			);
			runOnlyForDeploymentPostprocessing = 0;
		};
		96E5A9D21BF0C63000258C80 /* Frameworks */ = {
			isa = PBXFrameworksBuildPhase;
			buildActionMask = 2147483647;
			files = (
			);
			runOnlyForDeploymentPostprocessing = 0;
		};
		96E5A9DD1BF0C63000258C80 /* Frameworks */ = {
			isa = PBXFrameworksBuildPhase;
			buildActionMask = 2147483647;
			files = (
			);
			runOnlyForDeploymentPostprocessing = 0;
		};
/* End PBXFrameworksBuildPhase section */

/* Begin PBXGroup section */
		96E5A9B81BF0C62F00258C80 = {
			isa = PBXGroup;
			children = (
				96E5A9F21BF0C7BE00258C80 /* AudioKit.xcodeproj */,
				96E5A9C31BF0C62F00258C80 /* Høre test */,
				96E5A9D81BF0C63000258C80 /* Høre testTests */,
				96E5A9E31BF0C63000258C80 /* Høre testUITests */,
				96E5A9C21BF0C62F00258C80 /* Products */,
				96E5AA191BF0D4DB00258C80 /* CsoundLib.framework */,
				96E5AA1A1BF0D4DB00258C80 /* libsndfile.framework */,
			);
			sourceTree = "<group>";
		};
		96E5A9C21BF0C62F00258C80 /* Products */ = {
			isa = PBXGroup;
			children = (
				96E5A9C11BF0C62F00258C80 /* Høre test.app */,
				96E5A9D51BF0C63000258C80 /* Høre testTests.xctest */,
				96E5A9E01BF0C63000258C80 /* Høre testUITests.xctest */,
			);
			name = Products;
			sourceTree = "<group>";
		};
		96E5A9C31BF0C62F00258C80 /* Høre test */ = {
			isa = PBXGroup;
			children = (
				96E5AA101BF0CBCC00258C80 /* Bridging-Header.h */,
				96E5AA0E1BF0CB3200258C80 /* AudioKit.swift */,
				96E5A9C41BF0C62F00258C80 /* AppDelegate.swift */,
				96E5A9C61BF0C62F00258C80 /* ViewController.swift */,
				96E5A9C81BF0C62F00258C80 /* Main.storyboard */,
				9647D4531C00E60C00FAF482 /* ResultViewController.swift */,
				96F6FC471BFF41AD00386387 /* TonePlayerModel.swift */,
				96C13E3A1BFA1D0400413017 /* PlaySoundViewController.swift */,
				96E5AA2C1BF0E53200258C80 /* HoldButtonViewController.swift */,
				96F6FC4E1BFF60E600386387 /* HearingtestModel.swift */,
				96E5A9CB1BF0C62F00258C80 /* Assets.xcassets */,
				96E5A9CD1BF0C62F00258C80 /* LaunchScreen.storyboard */,
				96E5A9D01BF0C62F00258C80 /* Info.plist */,
				96E5AA301BF0F04800258C80 /* Instruction_Video.mp4 */,
				966D677E1BF9F2D30017C95D /* StartViewController.swift */,
				96C13E351BFA1B3500413017 /* HearSoundViewController.swift */,
			);
			path = "Høre test";
			sourceTree = "<group>";
		};
		96E5A9D81BF0C63000258C80 /* Høre testTests */ = {
			isa = PBXGroup;
			children = (
				96E5A9D91BF0C63000258C80 /* H_re_testTests.swift */,
				96E5A9DB1BF0C63000258C80 /* Info.plist */,
			);
			path = "Høre testTests";
			sourceTree = "<group>";
		};
		96E5A9E31BF0C63000258C80 /* Høre testUITests */ = {
			isa = PBXGroup;
			children = (
				96E5A9E41BF0C63000258C80 /* H_re_testUITests.swift */,
				96E5A9E61BF0C63000258C80 /* Info.plist */,
			);
			path = "Høre testUITests";
			sourceTree = "<group>";
		};
		96E5A9F31BF0C7BE00258C80 /* Products */ = {
			isa = PBXGroup;
			children = (
				96E5A9FA1BF0C7BE00258C80 /* libAudioKit iOS Static.a */,
				96E5A9FC1BF0C7BE00258C80 /* libAudioKit iOS Dynamic.a */,
				96E5A9FE1BF0C7BE00258C80 /* libAudioKit OS X.a */,
				96E5AA001BF0C7BE00258C80 /* libAudioKit tvOS.a */,
			);
			name = Products;
			sourceTree = "<group>";
		};
/* End PBXGroup section */

/* Begin PBXNativeTarget section */
		96E5A9C01BF0C62F00258C80 /* Høre test */ = {
			isa = PBXNativeTarget;
			buildConfigurationList = 96E5A9E91BF0C63000258C80 /* Build configuration list for PBXNativeTarget "Høre test" */;
			buildPhases = (
				96E5A9BD1BF0C62F00258C80 /* Sources */,
				96E5A9BE1BF0C62F00258C80 /* Frameworks */,
				96E5A9BF1BF0C62F00258C80 /* Resources */,
				96E5AA0C1BF0C89E00258C80 /* Embed Frameworks */,
				96E5AA0D1BF0C8A700258C80 /* ShellScript */,
			);
			buildRules = (
			);
			dependencies = (
				96E5AA021BF0C7E700258C80 /* PBXTargetDependency */,
			);
			name = "Høre test";
			productName = "Høre test";
			productReference = 96E5A9C11BF0C62F00258C80 /* Høre test.app */;
			productType = "com.apple.product-type.application";
		};
		96E5A9D41BF0C63000258C80 /* Høre testTests */ = {
			isa = PBXNativeTarget;
			buildConfigurationList = 96E5A9EC1BF0C63000258C80 /* Build configuration list for PBXNativeTarget "Høre testTests" */;
			buildPhases = (
				96E5A9D11BF0C63000258C80 /* Sources */,
				96E5A9D21BF0C63000258C80 /* Frameworks */,
				96E5A9D31BF0C63000258C80 /* Resources */,
			);
			buildRules = (
			);
			dependencies = (
				96E5A9D71BF0C63000258C80 /* PBXTargetDependency */,
			);
			name = "Høre testTests";
			productName = "Høre testTests";
			productReference = 96E5A9D51BF0C63000258C80 /* Høre testTests.xctest */;
			productType = "com.apple.product-type.bundle.unit-test";
		};
		96E5A9DF1BF0C63000258C80 /* Høre testUITests */ = {
			isa = PBXNativeTarget;
			buildConfigurationList = 96E5A9EF1BF0C63000258C80 /* Build configuration list for PBXNativeTarget "Høre testUITests" */;
			buildPhases = (
				96E5A9DC1BF0C63000258C80 /* Sources */,
				96E5A9DD1BF0C63000258C80 /* Frameworks */,
				96E5A9DE1BF0C63000258C80 /* Resources */,
			);
			buildRules = (
			);
			dependencies = (
				96E5A9E21BF0C63000258C80 /* PBXTargetDependency */,
			);
			name = "Høre testUITests";
			productName = "Høre testUITests";
			productReference = 96E5A9E01BF0C63000258C80 /* Høre testUITests.xctest */;
			productType = "com.apple.product-type.bundle.ui-testing";
		};
/* End PBXNativeTarget section */

/* Begin PBXProject section */
		96E5A9B91BF0C62F00258C80 /* Project object */ = {
			isa = PBXProject;
			attributes = {
				LastSwiftUpdateCheck = 0710;
				LastUpgradeCheck = 0710;
				ORGANIZATIONNAME = "Stig Halfdan Juhl Turner";
				TargetAttributes = {
					96E5A9C01BF0C62F00258C80 = {
						CreatedOnToolsVersion = 7.1;
					};
					96E5A9D41BF0C63000258C80 = {
						CreatedOnToolsVersion = 7.1;
						TestTargetID = 96E5A9C01BF0C62F00258C80;
					};
					96E5A9DF1BF0C63000258C80 = {
						CreatedOnToolsVersion = 7.1;
						TestTargetID = 96E5A9C01BF0C62F00258C80;
					};
				};
			};
			buildConfigurationList = 96E5A9BC1BF0C62F00258C80 /* Build configuration list for PBXProject "Høre test" */;
			compatibilityVersion = "Xcode 3.2";
			developmentRegion = English;
			hasScannedForEncodings = 0;
			knownRegions = (
				en,
				Base,
			);
			mainGroup = 96E5A9B81BF0C62F00258C80;
			productRefGroup = 96E5A9C21BF0C62F00258C80 /* Products */;
			projectDirPath = "";
			projectReferences = (
				{
					ProductGroup = 96E5A9F31BF0C7BE00258C80 /* Products */;
					ProjectRef = 96E5A9F21BF0C7BE00258C80 /* AudioKit.xcodeproj */;
				},
			);
			projectRoot = "";
			targets = (
				96E5A9C01BF0C62F00258C80 /* Høre test */,
				96E5A9D41BF0C63000258C80 /* Høre testTests */,
				96E5A9DF1BF0C63000258C80 /* Høre testUITests */,
			);
		};
/* End PBXProject section */

/* Begin PBXReferenceProxy section */
		96E5A9FA1BF0C7BE00258C80 /* libAudioKit iOS Static.a */ = {
			isa = PBXReferenceProxy;
			fileType = archive.ar;
			path = "libAudioKit iOS Static.a";
			remoteRef = 96E5A9F91BF0C7BE00258C80 /* PBXContainerItemProxy */;
			sourceTree = BUILT_PRODUCTS_DIR;
		};
		96E5A9FC1BF0C7BE00258C80 /* libAudioKit iOS Dynamic.a */ = {
			isa = PBXReferenceProxy;
			fileType = archive.ar;
			path = "libAudioKit iOS Dynamic.a";
			remoteRef = 96E5A9FB1BF0C7BE00258C80 /* PBXContainerItemProxy */;
			sourceTree = BUILT_PRODUCTS_DIR;
		};
		96E5A9FE1BF0C7BE00258C80 /* libAudioKit OS X.a */ = {
			isa = PBXReferenceProxy;
			fileType = archive.ar;
			path = "libAudioKit OS X.a";
			remoteRef = 96E5A9FD1BF0C7BE00258C80 /* PBXContainerItemProxy */;
			sourceTree = BUILT_PRODUCTS_DIR;
		};
		96E5AA001BF0C7BE00258C80 /* libAudioKit tvOS.a */ = {
			isa = PBXReferenceProxy;
			fileType = archive.ar;
			path = "libAudioKit tvOS.a";
			remoteRef = 96E5A9FF1BF0C7BE00258C80 /* PBXContainerItemProxy */;
			sourceTree = BUILT_PRODUCTS_DIR;
		};
/* End PBXReferenceProxy section */

/* Begin PBXResourcesBuildPhase section */
		96E5A9BF1BF0C62F00258C80 /* Resources */ = {
			isa = PBXResourcesBuildPhase;
			buildActionMask = 2147483647;
			files = (
				96E5AA311BF0F04800258C80 /* Instruction_Video.mp4 in Resources */,
				96E5A9CF1BF0C62F00258C80 /* LaunchScreen.storyboard in Resources */,
				96E5A9CC1BF0C62F00258C80 /* Assets.xcassets in Resources */,
				96E5A9CA1BF0C62F00258C80 /* Main.storyboard in Resources */,
			);
			runOnlyForDeploymentPostprocessing = 0;
		};
		96E5A9D31BF0C63000258C80 /* Resources */ = {
			isa = PBXResourcesBuildPhase;
			buildActionMask = 2147483647;
			files = (
				96E5AA321BF0F04800258C80 /* Instruction_Video.mp4 in Resources */,
			);
			runOnlyForDeploymentPostprocessing = 0;
		};
		96E5A9DE1BF0C63000258C80 /* Resources */ = {
			isa = PBXResourcesBuildPhase;
			buildActionMask = 2147483647;
			files = (
				96E5AA331BF0F04800258C80 /* Instruction_Video.mp4 in Resources */,
			);
			runOnlyForDeploymentPostprocessing = 0;
		};
/* End PBXResourcesBuildPhase section */

/* Begin PBXShellScriptBuildPhase section */
		96E5AA0D1BF0C8A700258C80 /* ShellScript */ = {
			isa = PBXShellScriptBuildPhase;
			buildActionMask = 2147483647;
			files = (
			);
			inputPaths = (
			);
			outputPaths = (
			);
			runOnlyForDeploymentPostprocessing = 0;
			shellPath = /bin/bash;
			shellScript = "#!/bin/bash\n#\n# Use this script as a \"run script\" phase for your iOS target to use the dynamic framework version of AudioKit.\n# You may either copy the contents of this script or reference the file from the run phase.\n#\n\nfor lib in CsoundLib libsndfile; do\ninstall_name_tool -change $lib @rpath/$lib.framework/$lib \"$TARGET_BUILD_DIR/$EXECUTABLE_PATH\"\n# If building for devices, strip the Intel slices from the libraries\nif ! test \"$CURRENT_ARCH\" = x86_64 -o \"$CURRENT_ARCH\" = i386; then\nlibpath=\"$CODESIGNING_FOLDER_PATH/Frameworks/$lib.framework/$lib\"\nlipo \"$libpath\" -verify_arch i386 x86_64 && lipo -remove i386 -remove x86_64 \"$libpath\" -output \"$libpath\"\nfi\ndone\nexit 0\n\n";
		};
/* End PBXShellScriptBuildPhase section */

/* Begin PBXSourcesBuildPhase section */
		96E5A9BD1BF0C62F00258C80 /* Sources */ = {
			isa = PBXSourcesBuildPhase;
			buildActionMask = 2147483647;
			files = (
				96F6FC4F1BFF60E600386387 /* HearingtestModel.swift in Sources */,
				96C13E361BFA1B3500413017 /* HearSoundViewController.swift in Sources */,
				966D677F1BF9F2D30017C95D /* StartViewController.swift in Sources */,
				96E5AA0F1BF0CB3200258C80 /* AudioKit.swift in Sources */,
				96E5A9C71BF0C62F00258C80 /* ViewController.swift in Sources */,
				9647D4541C00E60C00FAF482 /* ResultViewController.swift in Sources */,
				96E5AA2D1BF0E53200258C80 /* HoldButtonViewController.swift in Sources */,
				96E5A9C51BF0C62F00258C80 /* AppDelegate.swift in Sources */,
				96C13E3B1BFA1D0400413017 /* PlaySoundViewController.swift in Sources */,
				96F6FC481BFF41AD00386387 /* TonePlayerModel.swift in Sources */,
			);
			runOnlyForDeploymentPostprocessing = 0;
		};
		96E5A9D11BF0C63000258C80 /* Sources */ = {
			isa = PBXSourcesBuildPhase;
			buildActionMask = 2147483647;
			files = (
				96E5A9DA1BF0C63000258C80 /* H_re_testTests.swift in Sources */,
				96E5AA2E1BF0E53200258C80 /* HoldButtonViewController.swift in Sources */,
			);
			runOnlyForDeploymentPostprocessing = 0;
		};
		96E5A9DC1BF0C63000258C80 /* Sources */ = {
			isa = PBXSourcesBuildPhase;
			buildActionMask = 2147483647;
			files = (
				96E5A9E51BF0C63000258C80 /* H_re_testUITests.swift in Sources */,
				96E5AA2F1BF0E53200258C80 /* HoldButtonViewController.swift in Sources */,
			);
			runOnlyForDeploymentPostprocessing = 0;
		};
/* End PBXSourcesBuildPhase section */

/* Begin PBXTargetDependency section */
		96E5A9D71BF0C63000258C80 /* PBXTargetDependency */ = {
			isa = PBXTargetDependency;
			target = 96E5A9C01BF0C62F00258C80 /* Høre test */;
			targetProxy = 96E5A9D61BF0C63000258C80 /* PBXContainerItemProxy */;
		};
		96E5A9E21BF0C63000258C80 /* PBXTargetDependency */ = {
			isa = PBXTargetDependency;
			target = 96E5A9C01BF0C62F00258C80 /* Høre test */;
			targetProxy = 96E5A9E11BF0C63000258C80 /* PBXContainerItemProxy */;
		};
		96E5AA021BF0C7E700258C80 /* PBXTargetDependency */ = {
			isa = PBXTargetDependency;
			name = "AudioKit iOS Dynamic";
			targetProxy = 96E5AA011BF0C7E700258C80 /* PBXContainerItemProxy */;
		};
/* End PBXTargetDependency section */

/* Begin PBXVariantGroup section */
		96E5A9C81BF0C62F00258C80 /* Main.storyboard */ = {
			isa = PBXVariantGroup;
			children = (
				96E5A9C91BF0C62F00258C80 /* Base */,
			);
			name = Main.storyboard;
			sourceTree = "<group>";
		};
		96E5A9CD1BF0C62F00258C80 /* LaunchScreen.storyboard */ = {
			isa = PBXVariantGroup;
			children = (
				96E5A9CE1BF0C62F00258C80 /* Base */,
			);
			name = LaunchScreen.storyboard;
			sourceTree = "<group>";
		};
/* End PBXVariantGroup section */

/* Begin XCBuildConfiguration section */
		96E5A9E71BF0C63000258C80 /* Debug */ = {
			isa = XCBuildConfiguration;
			buildSettings = {
				ALWAYS_SEARCH_USER_PATHS = NO;
				CLANG_CXX_LANGUAGE_STANDARD = "gnu++0x";
				CLANG_CXX_LIBRARY = "libc++";
				CLANG_ENABLE_MODULES = YES;
				CLANG_ENABLE_OBJC_ARC = YES;
				CLANG_WARN_BOOL_CONVERSION = YES;
				CLANG_WARN_CONSTANT_CONVERSION = YES;
				CLANG_WARN_DIRECT_OBJC_ISA_USAGE = YES_ERROR;
				CLANG_WARN_EMPTY_BODY = YES;
				CLANG_WARN_ENUM_CONVERSION = YES;
				CLANG_WARN_INT_CONVERSION = YES;
				CLANG_WARN_OBJC_ROOT_CLASS = YES_ERROR;
				CLANG_WARN_UNREACHABLE_CODE = YES;
				CLANG_WARN__DUPLICATE_METHOD_MATCH = YES;
				"CODE_SIGN_IDENTITY[sdk=iphoneos*]" = "iPhone Developer";
				COPY_PHASE_STRIP = NO;
				DEBUG_INFORMATION_FORMAT = dwarf;
				ENABLE_STRICT_OBJC_MSGSEND = YES;
				ENABLE_TESTABILITY = YES;
				GCC_C_LANGUAGE_STANDARD = gnu99;
				GCC_DYNAMIC_NO_PIC = NO;
				GCC_NO_COMMON_BLOCKS = YES;
				GCC_OPTIMIZATION_LEVEL = 0;
				GCC_PREPROCESSOR_DEFINITIONS = (
					"DEBUG=1",
					"$(inherited)",
				);
				GCC_WARN_64_TO_32_BIT_CONVERSION = YES;
				GCC_WARN_ABOUT_RETURN_TYPE = YES_ERROR;
				GCC_WARN_UNDECLARED_SELECTOR = YES;
				GCC_WARN_UNINITIALIZED_AUTOS = YES_AGGRESSIVE;
				GCC_WARN_UNUSED_FUNCTION = YES;
				GCC_WARN_UNUSED_VARIABLE = YES;
				IPHONEOS_DEPLOYMENT_TARGET = 9.1;
				MTL_ENABLE_DEBUG_INFO = YES;
				ONLY_ACTIVE_ARCH = YES;
				SDKROOT = iphoneos;
				SWIFT_OPTIMIZATION_LEVEL = "-Onone";
				TARGETED_DEVICE_FAMILY = "1,2";
			};
			name = Debug;
		};
		96E5A9E81BF0C63000258C80 /* Release */ = {
			isa = XCBuildConfiguration;
			buildSettings = {
				ALWAYS_SEARCH_USER_PATHS = NO;
				CLANG_CXX_LANGUAGE_STANDARD = "gnu++0x";
				CLANG_CXX_LIBRARY = "libc++";
				CLANG_ENABLE_MODULES = YES;
				CLANG_ENABLE_OBJC_ARC = YES;
				CLANG_WARN_BOOL_CONVERSION = YES;
				CLANG_WARN_CONSTANT_CONVERSION = YES;
				CLANG_WARN_DIRECT_OBJC_ISA_USAGE = YES_ERROR;
				CLANG_WARN_EMPTY_BODY = YES;
				CLANG_WARN_ENUM_CONVERSION = YES;
				CLANG_WARN_INT_CONVERSION = YES;
				CLANG_WARN_OBJC_ROOT_CLASS = YES_ERROR;
				CLANG_WARN_UNREACHABLE_CODE = YES;
				CLANG_WARN__DUPLICATE_METHOD_MATCH = YES;
				"CODE_SIGN_IDENTITY[sdk=iphoneos*]" = "iPhone Developer";
				COPY_PHASE_STRIP = NO;
				DEBUG_INFORMATION_FORMAT = "dwarf-with-dsym";
				ENABLE_NS_ASSERTIONS = NO;
				ENABLE_STRICT_OBJC_MSGSEND = YES;
				GCC_C_LANGUAGE_STANDARD = gnu99;
				GCC_NO_COMMON_BLOCKS = YES;
				GCC_WARN_64_TO_32_BIT_CONVERSION = YES;
				GCC_WARN_ABOUT_RETURN_TYPE = YES_ERROR;
				GCC_WARN_UNDECLARED_SELECTOR = YES;
				GCC_WARN_UNINITIALIZED_AUTOS = YES_AGGRESSIVE;
				GCC_WARN_UNUSED_FUNCTION = YES;
				GCC_WARN_UNUSED_VARIABLE = YES;
				IPHONEOS_DEPLOYMENT_TARGET = 9.1;
				MTL_ENABLE_DEBUG_INFO = NO;
				SDKROOT = iphoneos;
				TARGETED_DEVICE_FAMILY = "1,2";
				VALIDATE_PRODUCT = YES;
			};
			name = Release;
		};
		96E5A9EA1BF0C63000258C80 /* Debug */ = {
			isa = XCBuildConfiguration;
			buildSettings = {
				ASSETCATALOG_COMPILER_APPICON_NAME = AppIcon;
				FRAMEWORK_SEARCH_PATHS = "$(PROJECT_DIR)";
				INFOPLIST_FILE = "Høre test/Info.plist";
				IPHONEOS_DEPLOYMENT_TARGET = 9.1;
				LD_RUNPATH_SEARCH_PATHS = "$(inherited) @executable_path/Frameworks";
				MACH_O_TYPE = mh_execute;
				ONLY_ACTIVE_ARCH = YES;
				OTHER_LDFLAGS = "-ObjC";
				PRODUCT_BUNDLE_IDENTIFIER = "dk.sdu.sttur14.H-re-test";
				PRODUCT_NAME = "$(TARGET_NAME)";
				SWIFT_OBJC_BRIDGING_HEADER = "$(SRCROOT)/Høre test/Bridging-Header.h";
				USER_HEADER_SEARCH_PATHS = "../AudioKit/AudioKit/**";
			};
			name = Debug;
		};
		96E5A9EB1BF0C63000258C80 /* Release */ = {
			isa = XCBuildConfiguration;
			buildSettings = {
				ASSETCATALOG_COMPILER_APPICON_NAME = AppIcon;
				FRAMEWORK_SEARCH_PATHS = "$(PROJECT_DIR)";
				INFOPLIST_FILE = "Høre test/Info.plist";
				IPHONEOS_DEPLOYMENT_TARGET = 9.1;
				LD_RUNPATH_SEARCH_PATHS = "$(inherited) @executable_path/Frameworks";
				MACH_O_TYPE = mh_execute;
				ONLY_ACTIVE_ARCH = NO;
				OTHER_LDFLAGS = "-ObjC";
				PRODUCT_BUNDLE_IDENTIFIER = "dk.sdu.sttur14.H-re-test";
				PRODUCT_NAME = "$(TARGET_NAME)";
				SWIFT_OBJC_BRIDGING_HEADER = "$(SRCROOT)/Høre test/Bridging-Header.h";
				USER_HEADER_SEARCH_PATHS = "../AudioKit/AudioKit/**";
			};
			name = Release;
		};
		96E5A9ED1BF0C63000258C80 /* Debug */ = {
			isa = XCBuildConfiguration;
			buildSettings = {
				BUNDLE_LOADER = "$(TEST_HOST)";
				INFOPLIST_FILE = "Høre testTests/Info.plist";
				LD_RUNPATH_SEARCH_PATHS = "$(inherited) @executable_path/Frameworks @loader_path/Frameworks";
				PRODUCT_BUNDLE_IDENTIFIER = "dk.sdu.sttur14.H-re-testTests";
				PRODUCT_NAME = "$(TARGET_NAME)";
				TEST_HOST = "$(BUILT_PRODUCTS_DIR)/Høre test.app/Høre test";
			};
			name = Debug;
		};
		96E5A9EE1BF0C63000258C80 /* Release */ = {
			isa = XCBuildConfiguration;
			buildSettings = {
				BUNDLE_LOADER = "$(TEST_HOST)";
				INFOPLIST_FILE = "Høre testTests/Info.plist";
				LD_RUNPATH_SEARCH_PATHS = "$(inherited) @executable_path/Frameworks @loader_path/Frameworks";
				PRODUCT_BUNDLE_IDENTIFIER = "dk.sdu.sttur14.H-re-testTests";
				PRODUCT_NAME = "$(TARGET_NAME)";
				TEST_HOST = "$(BUILT_PRODUCTS_DIR)/Høre test.app/Høre test";
			};
			name = Release;
		};
		96E5A9F01BF0C63000258C80 /* Debug */ = {
			isa = XCBuildConfiguration;
			buildSettings = {
				INFOPLIST_FILE = "Høre testUITests/Info.plist";
				LD_RUNPATH_SEARCH_PATHS = "$(inherited) @executable_path/Frameworks @loader_path/Frameworks";
				PRODUCT_BUNDLE_IDENTIFIER = "dk.sdu.sttur14.H-re-testUITests";
				PRODUCT_NAME = "$(TARGET_NAME)";
				TEST_TARGET_NAME = "Høre test";
				USES_XCTRUNNER = YES;
			};
			name = Debug;
		};
		96E5A9F11BF0C63000258C80 /* Release */ = {
			isa = XCBuildConfiguration;
			buildSettings = {
				INFOPLIST_FILE = "Høre testUITests/Info.plist";
				LD_RUNPATH_SEARCH_PATHS = "$(inherited) @executable_path/Frameworks @loader_path/Frameworks";
				PRODUCT_BUNDLE_IDENTIFIER = "dk.sdu.sttur14.H-re-testUITests";
				PRODUCT_NAME = "$(TARGET_NAME)";
				TEST_TARGET_NAME = "Høre test";
				USES_XCTRUNNER = YES;
			};
			name = Release;
		};
/* End XCBuildConfiguration section */

/* Begin XCConfigurationList section */
		96E5A9BC1BF0C62F00258C80 /* Build configuration list for PBXProject "Høre test" */ = {
			isa = XCConfigurationList;
			buildConfigurations = (
				96E5A9E71BF0C63000258C80 /* Debug */,
				96E5A9E81BF0C63000258C80 /* Release */,
			);
			defaultConfigurationIsVisible = 0;
			defaultConfigurationName = Release;
		};
		96E5A9E91BF0C63000258C80 /* Build configuration list for PBXNativeTarget "Høre test" */ = {
			isa = XCConfigurationList;
			buildConfigurations = (
				96E5A9EA1BF0C63000258C80 /* Debug */,
				96E5A9EB1BF0C63000258C80 /* Release */,
			);
			defaultConfigurationIsVisible = 0;
			defaultConfigurationName = Release;
		};
		96E5A9EC1BF0C63000258C80 /* Build configuration list for PBXNativeTarget "Høre testTests" */ = {
			isa = XCConfigurationList;
			buildConfigurations = (
				96E5A9ED1BF0C63000258C80 /* Debug */,
				96E5A9EE1BF0C63000258C80 /* Release */,
			);
			defaultConfigurationIsVisible = 0;
			defaultConfigurationName = Release;
		};
		96E5A9EF1BF0C63000258C80 /* Build configuration list for PBXNativeTarget "Høre testUITests" */ = {
			isa = XCConfigurationList;
			buildConfigurations = (
				96E5A9F01BF0C63000258C80 /* Debug */,
				96E5A9F11BF0C63000258C80 /* Release */,
			);
			defaultConfigurationIsVisible = 0;
			defaultConfigurationName = Release;
		};
/* End XCConfigurationList section */
	};
	rootObject = 96E5A9B91BF0C62F00258C80 /* Project object */;
}
